locked by Jack/Jacks-MBP PID 19521, on Mon Mar 27 16:50:03 2017
/users/jack/documents/computer_science/contiki/static_analysis_tools/codesonar/codesonar-4.4p0/codesonar/bin/codesonar -continue yes -w -conf-file /Users/Jack/Documents/Computer_Science/Contiki/static_analysis_tools/CodeSonar/codesonar-4.4p0/codesonar/template.conf -conf-file /Users/Jack/Documents/Computer_Science/Contiki/CodeSonar_analyses/telnet-server-analysis/telnet-server.CSURF_COMPILER_CONF_MARKER -conf-file /Users/Jack/Documents/Computer_Science/Contiki/CodeSonar_analyses/telnet-server-analysis/telnet-server.conf -invoke-compiler no -transparent yes -T/Users/Jack/Documents/Computer_Science/Contiki/CodeSonar_analyses/telnet-server-analysis/telnet-server.prj_files csbuild /Users/Jack/Documents/Computer_Science/Contiki/CodeSonar_analyses/telnet-server-analysis/telnet-server /Users/Jack/Documents/Computer_Science/Contiki/CodeSonar_analyses/telnet-server-analysis/telnet-server.prj_files -csurf-load-script /Users/Jack/Documents/Computer_Science/Contiki/static_analysis_tools/CodeSonar/codesonar-4.4p0/codesonar/stk/CsonarLoader.stk 
