locked by Jack/Jacks-MBP PID 38002, on Mon Mar 27 17:27:50 2017
/users/jack/documents/computer_science/contiki/static_analysis_tools/codesonar/codesonar-4.4p0/codesonar/bin/codesonar -continue yes -w -conf-file /Users/Jack/Documents/Computer_Science/Contiki/static_analysis_tools/CodeSonar/codesonar-4.4p0/codesonar/template.conf -conf-file /Users/Jack/Documents/Computer_Science/Contiki/CodeSonar_analyses/webserver-ipv6-analysis/webserver-ipv6.CSURF_COMPILER_CONF_MARKER -conf-file /Users/Jack/Documents/Computer_Science/Contiki/CodeSonar_analyses/webserver-ipv6-analysis/webserver-ipv6.conf -invoke-compiler no -transparent yes -T/Users/Jack/Documents/Computer_Science/Contiki/CodeSonar_analyses/webserver-ipv6-analysis/webserver-ipv6.prj_files csbuild /Users/Jack/Documents/Computer_Science/Contiki/CodeSonar_analyses/webserver-ipv6-analysis/webserver-ipv6 /Users/Jack/Documents/Computer_Science/Contiki/CodeSonar_analyses/webserver-ipv6-analysis/webserver-ipv6.prj_files -csurf-load-script /Users/Jack/Documents/Computer_Science/Contiki/static_analysis_tools/CodeSonar/codesonar-4.4p0/codesonar/stk/CsonarLoader.stk 
