locked by Jack/Jacks-MacBook-Pro.local PID 50363, on Tue Mar 28 10:44:09 2017
/users/jack/documents/computer_science/contiki/static_analysis_tools/codesonar/codesonar-4.4p0/codesonar/bin/codesonar -continue yes -w -conf-file /Users/Jack/Documents/Computer_Science/Contiki/static_analysis_tools/CodeSonar/codesonar-4.4p0/codesonar/template.conf -conf-file /Users/Jack/Documents/Computer_Science/Contiki/CodeSonar_analyses/simple-udp-rpl-analysis/simple-udp-rpl.CSURF_COMPILER_CONF_MARKER -conf-file /Users/Jack/Documents/Computer_Science/Contiki/CodeSonar_analyses/simple-udp-rpl-analysis/simple-udp-rpl.conf -invoke-compiler no -transparent yes -T/Users/Jack/Documents/Computer_Science/Contiki/CodeSonar_analyses/simple-udp-rpl-analysis/simple-udp-rpl.prj_files csbuild /Users/Jack/Documents/Computer_Science/Contiki/CodeSonar_analyses/simple-udp-rpl-analysis/simple-udp-rpl /Users/Jack/Documents/Computer_Science/Contiki/CodeSonar_analyses/simple-udp-rpl-analysis/simple-udp-rpl.prj_files -csurf-load-script /Users/Jack/Documents/Computer_Science/Contiki/static_analysis_tools/CodeSonar/codesonar-4.4p0/codesonar/stk/CsonarLoader.stk 
