locked by Jack/Jacks-MBP PID 14825, on Sat Apr  8 17:53:48 2017
/users/jack/documents/computer_science/contiki/static_analysis_tools/codesonar/codesonar-4.4p0/codesonar/bin/codesonar -continue yes -w -conf-file /Users/Jack/Documents/Computer_Science/Contiki/static_analysis_tools/CodeSonar/codesonar-4.4p0/codesonar/template.conf -conf-file /Users/Jack/Documents/Computer_Science/Contiki/CodeSonar_analyses/zolertia-orion-analysis/zolertia-orion-ip64-router.CSURF_COMPILER_CONF_MARKER -conf-file /Users/Jack/Documents/Computer_Science/Contiki/CodeSonar_analyses/zolertia-orion-analysis/zolertia-orion-ip64-router.conf -invoke-compiler no -transparent yes -T/Users/Jack/Documents/Computer_Science/Contiki/CodeSonar_analyses/zolertia-orion-analysis/zolertia-orion-ip64-router.prj_files csbuild /Users/Jack/Documents/Computer_Science/Contiki/CodeSonar_analyses/zolertia-orion-analysis/zolertia-orion-ip64-router /Users/Jack/Documents/Computer_Science/Contiki/CodeSonar_analyses/zolertia-orion-analysis/zolertia-orion-ip64-router.prj_files -csurf-load-script /Users/Jack/Documents/Computer_Science/Contiki/static_analysis_tools/CodeSonar/codesonar-4.4p0/codesonar/stk/CsonarLoader.stk 
