locked by Jack/Jacks-MBP PID 35483, on Mon Mar 27 17:20:59 2017
/users/jack/documents/computer_science/contiki/static_analysis_tools/codesonar/codesonar-4.4p0/codesonar/bin/codesonar -continue yes -w -conf-file /Users/Jack/Documents/Computer_Science/Contiki/static_analysis_tools/CodeSonar/codesonar-4.4p0/codesonar/template.conf -conf-file /Users/Jack/Documents/Computer_Science/Contiki/CodeSonar_analyses/wget-analysis/wget.CSURF_COMPILER_CONF_MARKER -conf-file /Users/Jack/Documents/Computer_Science/Contiki/CodeSonar_analyses/wget-analysis/wget.conf -invoke-compiler no -transparent yes -T/Users/Jack/Documents/Computer_Science/Contiki/CodeSonar_analyses/wget-analysis/wget.prj_files csbuild /Users/Jack/Documents/Computer_Science/Contiki/CodeSonar_analyses/wget-analysis/wget /Users/Jack/Documents/Computer_Science/Contiki/CodeSonar_analyses/wget-analysis/wget.prj_files -csurf-load-script /Users/Jack/Documents/Computer_Science/Contiki/static_analysis_tools/CodeSonar/codesonar-4.4p0/codesonar/stk/CsonarLoader.stk 
