locked by Jack/eduECFA.kent.ac.uk PID 48782, on Tue Jul 11 15:55:47 2017
/users/jack/documents/computer_science/contiki/static_analysis_tools/codesonar/codesonar-4.4p0/codesonar/bin/codesonar -continue yes -w -conf-file /Users/Jack/Documents/Computer_Science/Contiki/static_analysis_tools/CodeSonar/codesonar-4.4p0/codesonar/template.conf -conf-file /Users/Jack/Documents/Computer_Science/Contiki/CodeSonar_Analyses/rpl-collect-analysis/rpl-collect.CSURF_COMPILER_CONF_MARKER -conf-file /Users/Jack/Documents/Computer_Science/Contiki/CodeSonar_Analyses/rpl-collect-analysis/rpl-collect.conf -invoke-compiler no -transparent yes -T/Users/Jack/Documents/Computer_Science/Contiki/CodeSonar_Analyses/rpl-collect-analysis/rpl-collect.prj_files csbuild /Users/Jack/Documents/Computer_Science/Contiki/CodeSonar_Analyses/rpl-collect-analysis/rpl-collect /Users/Jack/Documents/Computer_Science/Contiki/CodeSonar_Analyses/rpl-collect-analysis/rpl-collect.prj_files -csurf-load-script /Users/Jack/Documents/Computer_Science/Contiki/static_analysis_tools/CodeSonar/codesonar-4.4p0/codesonar/stk/CsonarLoader.stk 
