locked by Jack/eduECFA.kent.ac.uk PID 76294, on Tue Jul 11 16:21:08 2017
/users/jack/documents/computer_science/contiki/static_analysis_tools/codesonar/codesonar-4.4p0/codesonar/bin/codesonar -continue yes -w -conf-file /Users/Jack/Documents/Computer_Science/Contiki/static_analysis_tools/CodeSonar/codesonar-4.4p0/codesonar/template.conf -conf-file /Users/Jack/Documents/Computer_Science/Contiki/CodeSonar_Analyses/netperf-analysis/netperf.CSURF_COMPILER_CONF_MARKER -conf-file /Users/Jack/Documents/Computer_Science/Contiki/CodeSonar_Analyses/netperf-analysis/netperf.conf -invoke-compiler no -transparent yes -T/Users/Jack/Documents/Computer_Science/Contiki/CodeSonar_Analyses/netperf-analysis/netperf.prj_files csbuild /Users/Jack/Documents/Computer_Science/Contiki/CodeSonar_Analyses/netperf-analysis/netperf /Users/Jack/Documents/Computer_Science/Contiki/CodeSonar_Analyses/netperf-analysis/netperf.prj_files -csurf-load-script /Users/Jack/Documents/Computer_Science/Contiki/static_analysis_tools/CodeSonar/codesonar-4.4p0/codesonar/stk/CsonarLoader.stk 
