locked by Jack/eduECFA.kent.ac.uk PID 12129, on Tue Jul 11 14:38:51 2017
/users/jack/documents/computer_science/contiki/static_analysis_tools/codesonar/codesonar-4.4p0/codesonar/bin/codesonar -continue yes -w -conf-file /Users/Jack/Documents/Computer_Science/Contiki/static_analysis_tools/CodeSonar/codesonar-4.4p0/codesonar/template.conf -conf-file /Users/Jack/Documents/Computer_Science/Contiki/CodeSonar_Analyses/timers-analysis/timers.CSURF_COMPILER_CONF_MARKER -conf-file /Users/Jack/Documents/Computer_Science/Contiki/CodeSonar_Analyses/timers-analysis/timers.conf -invoke-compiler no -transparent yes -T/Users/Jack/Documents/Computer_Science/Contiki/CodeSonar_Analyses/timers-analysis/timers.prj_files csbuild /Users/Jack/Documents/Computer_Science/Contiki/CodeSonar_Analyses/timers-analysis/timers /Users/Jack/Documents/Computer_Science/Contiki/CodeSonar_Analyses/timers-analysis/timers.prj_files -csurf-load-script /Users/Jack/Documents/Computer_Science/Contiki/static_analysis_tools/CodeSonar/codesonar-4.4p0/codesonar/stk/CsonarLoader.stk 
